
Microsoft Visual Studio Solution File, Format Version 12.00
# Visual Studio Version 16
VisualStudioVersion = 16.0.30804.86
MinimumVisualStudioVersion = 10.0.40219.1
Project("{FAE04EC0-301F-11D3-BF4B-00C04F79EFBC}") = "ListView", "ListView.csproj", "{ABE3C570-8556-4815-AF0F-AC524CE8A0AC}"
EndProject
Global
	GlobalSection(SolutionConfigurationPlatforms) = preSolution
		Debug|Any CPU = Debug|Any CPU
		Release|Any CPU = Release|Any CPU
	EndGlobalSection
	GlobalSection(ProjectConfigurationPlatforms) = postSolution
		{ABE3C570-8556-4815-AF0F-AC524CE8A0AC}.Debug|Any CPU.ActiveCfg = Debug|Any CPU
		{ABE3C570-8556-4815-AF0F-AC524CE8A0AC}.Debug|Any CPU.Build.0 = Debug|Any CPU
		{ABE3C570-8556-4815-AF0F-AC524CE8A0AC}.Release|Any CPU.ActiveCfg = Release|Any CPU
		{ABE3C570-8556-4815-AF0F-AC524CE8A0AC}.Release|Any CPU.Build.0 = Release|Any CPU
	EndGlobalSection
	GlobalSection(SolutionProperties) = preSolution
		HideSolutionNode = FALSE
	EndGlobalSection
	GlobalSection(ExtensibilityGlobals) = postSolution
		SolutionGuid = {A4C981E9-15B4-475B-A01D-52D70D895ED2}
	EndGlobalSection
EndGlobal
